// !$*UTF8*$!
{
	archiveVersion = 1;
	classes = {
	};
	objectVersion = 50;
	objects = {

/* Begin PBXBuildFile section */
		B40609E920C81CE00063C4E5 /* main.swift in Sources */ = {isa = PBXBuildFile; fileRef = B40609E820C81CE00063C4E5 /* main.swift */; };
		B40D7A4820FF50CA00C8ADCF /* Game.swift in Sources */ = {isa = PBXBuildFile; fileRef = B40D7A4720FF50CA00C8ADCF /* Game.swift */; };
		B427224B20C98378004DAC26 /* Character.swift in Sources */ = {isa = PBXBuildFile; fileRef = B427224A20C98378004DAC26 /* Character.swift */; };
		B439C56120C91E6D00D7C5C8 /* Fighter.swift in Sources */ = {isa = PBXBuildFile; fileRef = B439C56020C91E6D00D7C5C8 /* Fighter.swift */; };
		B439C56320C923CA00D7C5C8 /* Collosus.swift in Sources */ = {isa = PBXBuildFile; fileRef = B439C56220C923CA00D7C5C8 /* Collosus.swift */; };
		B439C56520C923DB00D7C5C8 /* Mage.swift in Sources */ = {isa = PBXBuildFile; fileRef = B439C56420C923DB00D7C5C8 /* Mage.swift */; };
		B439C56720C923EF00D7C5C8 /* Dwarf.swift in Sources */ = {isa = PBXBuildFile; fileRef = B439C56620C923EF00D7C5C8 /* Dwarf.swift */; };
		B4B2C1232125CD7700E5D2A0 /* Chest.swift in Sources */ = {isa = PBXBuildFile; fileRef = B4B2C1222125CD7700E5D2A0 /* Chest.swift */; };
		B4B30CFE21270E8400D3BD81 /* Axe.swift in Sources */ = {isa = PBXBuildFile; fileRef = B4B30CFD21270E8400D3BD81 /* Axe.swift */; };
		B4B30D0021272AE600D3BD81 /* Sword.swift in Sources */ = {isa = PBXBuildFile; fileRef = B4B30CFF21272AE600D3BD81 /* Sword.swift */; };
		B4B30D0221272B0600D3BD81 /* Staff.swift in Sources */ = {isa = PBXBuildFile; fileRef = B4B30D0121272B0600D3BD81 /* Staff.swift */; };
		B4CEDFB72121E93B007DC14A /* Weapon.swift in Sources */ = {isa = PBXBuildFile; fileRef = B4CEDFB62121E93B007DC14A /* Weapon.swift */; };
		B4EF8A2220C98B9C000D0971 /* Players.swift in Sources */ = {isa = PBXBuildFile; fileRef = B4EF8A2120C98B9C000D0971 /* Players.swift */; };
/* End PBXBuildFile section */

/* Begin PBXCopyFilesBuildPhase section */
		B40609E320C81CE00063C4E5 /* CopyFiles */ = {
			isa = PBXCopyFilesBuildPhase;
			buildActionMask = 2147483647;
			dstPath = /usr/share/man/man1/;
			dstSubfolderSpec = 0;
			files = (
			);
			runOnlyForDeploymentPostprocessing = 1;
		};
/* End PBXCopyFilesBuildPhase section */

/* Begin PBXFileReference section */
		B40609E520C81CE00063C4E5 /* Premier jeux */ = {isa = PBXFileReference; explicitFileType = "compiled.mach-o.executable"; includeInIndex = 0; path = "Premier jeux"; sourceTree = BUILT_PRODUCTS_DIR; };
		B40609E820C81CE00063C4E5 /* main.swift */ = {isa = PBXFileReference; lastKnownFileType = sourcecode.swift; path = main.swift; sourceTree = "<group>"; };
		B40D7A4720FF50CA00C8ADCF /* Game.swift */ = {isa = PBXFileReference; lastKnownFileType = sourcecode.swift; path = Game.swift; sourceTree = "<group>"; };
		B427224A20C98378004DAC26 /* Character.swift */ = {isa = PBXFileReference; lastKnownFileType = sourcecode.swift; path = Character.swift; sourceTree = "<group>"; };
		B439C56020C91E6D00D7C5C8 /* Fighter.swift */ = {isa = PBXFileReference; lastKnownFileType = sourcecode.swift; path = Fighter.swift; sourceTree = "<group>"; };
		B439C56220C923CA00D7C5C8 /* Collosus.swift */ = {isa = PBXFileReference; lastKnownFileType = sourcecode.swift; path = Collosus.swift; sourceTree = "<group>"; };
		B439C56420C923DB00D7C5C8 /* Mage.swift */ = {isa = PBXFileReference; lastKnownFileType = sourcecode.swift; path = Mage.swift; sourceTree = "<group>"; };
		B439C56620C923EF00D7C5C8 /* Dwarf.swift */ = {isa = PBXFileReference; lastKnownFileType = sourcecode.swift; path = Dwarf.swift; sourceTree = "<group>"; };
		B4B2C1222125CD7700E5D2A0 /* Chest.swift */ = {isa = PBXFileReference; lastKnownFileType = sourcecode.swift; path = Chest.swift; sourceTree = "<group>"; };
		B4B30CFD21270E8400D3BD81 /* Axe.swift */ = {isa = PBXFileReference; lastKnownFileType = sourcecode.swift; path = Axe.swift; sourceTree = "<group>"; };
		B4B30CFF21272AE600D3BD81 /* Sword.swift */ = {isa = PBXFileReference; lastKnownFileType = sourcecode.swift; path = Sword.swift; sourceTree = "<group>"; };
		B4B30D0121272B0600D3BD81 /* Staff.swift */ = {isa = PBXFileReference; lastKnownFileType = sourcecode.swift; path = Staff.swift; sourceTree = "<group>"; };
		B4CEDFB62121E93B007DC14A /* Weapon.swift */ = {isa = PBXFileReference; lastKnownFileType = sourcecode.swift; path = Weapon.swift; sourceTree = "<group>"; };
		B4EF8A2120C98B9C000D0971 /* Players.swift */ = {isa = PBXFileReference; lastKnownFileType = sourcecode.swift; path = Players.swift; sourceTree = "<group>"; };
/* End PBXFileReference section */

/* Begin PBXFrameworksBuildPhase section */
		B40609E220C81CE00063C4E5 /* Frameworks */ = {
			isa = PBXFrameworksBuildPhase;
			buildActionMask = 2147483647;
			files = (
			);
			runOnlyForDeploymentPostprocessing = 0;
		};
/* End PBXFrameworksBuildPhase section */

/* Begin PBXGroup section */
		B40609DC20C81CE00063C4E5 = {
			isa = PBXGroup;
			children = (
				B40609E720C81CE00063C4E5 /* Premier jeux */,
				B40609E620C81CE00063C4E5 /* Products */,
			);
			sourceTree = "<group>";
		};
		B40609E620C81CE00063C4E5 /* Products */ = {
			isa = PBXGroup;
			children = (
				B40609E520C81CE00063C4E5 /* Premier jeux */,
			);
			name = Products;
			sourceTree = "<group>";
		};
		B40609E720C81CE00063C4E5 /* Premier jeux */ = {
			isa = PBXGroup;
			children = (
				B40609E820C81CE00063C4E5 /* main.swift */,
				B40D7A4720FF50CA00C8ADCF /* Game.swift */,
				B4B2C1222125CD7700E5D2A0 /* Chest.swift */,
				B4EF8A2020C98B84000D0971 /* Player */,
				B411281C20CAB1FD00310F7A /* Character */,
				B4CEDFB52121E8A6007DC14A /* Weapon */,
			);
			path = "Premier jeux";
			sourceTree = "<group>";
		};
		B411281C20CAB1FD00310F7A /* Character */ = {
			isa = PBXGroup;
			children = (
				B427224A20C98378004DAC26 /* Character.swift */,
				B439C56020C91E6D00D7C5C8 /* Fighter.swift */,
				B439C56420C923DB00D7C5C8 /* Mage.swift */,
				B439C56620C923EF00D7C5C8 /* Dwarf.swift */,
				B439C56220C923CA00D7C5C8 /* Collosus.swift */,
			);
			path = Character;
			sourceTree = "<group>";
		};
		B4CEDFB52121E8A6007DC14A /* Weapon */ = {
			isa = PBXGroup;
			children = (
				B4CEDFB62121E93B007DC14A /* Weapon.swift */,
				B4B30CFD21270E8400D3BD81 /* Axe.swift */,
				B4B30CFF21272AE600D3BD81 /* Sword.swift */,
				B4B30D0121272B0600D3BD81 /* Staff.swift */,
			);
			path = Weapon;
			sourceTree = "<group>";
		};
		B4EF8A2020C98B84000D0971 /* Player */ = {
			isa = PBXGroup;
			children = (
				B4EF8A2120C98B9C000D0971 /* Players.swift */,
			);
			path = Player;
			sourceTree = "<group>";
		};
/* End PBXGroup section */

/* Begin PBXNativeTarget section */
		B40609E420C81CE00063C4E5 /* Premier jeux */ = {
			isa = PBXNativeTarget;
			buildConfigurationList = B40609EC20C81CE00063C4E5 /* Build configuration list for PBXNativeTarget "Premier jeux" */;
			buildPhases = (
				B40609E120C81CE00063C4E5 /* Sources */,
				B40609E220C81CE00063C4E5 /* Frameworks */,
				B40609E320C81CE00063C4E5 /* CopyFiles */,
			);
			buildRules = (
			);
			dependencies = (
			);
			name = "Premier jeux";
			productName = "Premier jeux";
			productReference = B40609E520C81CE00063C4E5 /* Premier jeux */;
			productType = "com.apple.product-type.tool";
		};
/* End PBXNativeTarget section */

/* Begin PBXProject section */
		B40609DD20C81CE00063C4E5 /* Project object */ = {
			isa = PBXProject;
			attributes = {
				LastSwiftUpdateCheck = 0930;
				LastUpgradeCheck = 0930;
				ORGANIZATIONNAME = "Fabien Dietrich";
				TargetAttributes = {
					B40609E420C81CE00063C4E5 = {
						CreatedOnToolsVersion = 9.3.1;
					};
				};
			};
			buildConfigurationList = B40609E020C81CE00063C4E5 /* Build configuration list for PBXProject "Premier jeux" */;
			compatibilityVersion = "Xcode 9.3";
			developmentRegion = en;
			hasScannedForEncodings = 0;
			knownRegions = (
				en,
			);
			mainGroup = B40609DC20C81CE00063C4E5;
			productRefGroup = B40609E620C81CE00063C4E5 /* Products */;
			projectDirPath = "";
			projectRoot = "";
			targets = (
				B40609E420C81CE00063C4E5 /* Premier jeux */,
			);
		};
/* End PBXProject section */

/* Begin PBXSourcesBuildPhase section */
		B40609E120C81CE00063C4E5 /* Sources */ = {
			isa = PBXSourcesBuildPhase;
			buildActionMask = 2147483647;
			files = (
				B439C56320C923CA00D7C5C8 /* Collosus.swift in Sources */,
				B40609E920C81CE00063C4E5 /* main.swift in Sources */,
				B439C56720C923EF00D7C5C8 /* Dwarf.swift in Sources */,
				B4EF8A2220C98B9C000D0971 /* Players.swift in Sources */,
				B427224B20C98378004DAC26 /* Character.swift in Sources */,
				B4B30D0021272AE600D3BD81 /* Sword.swift in Sources */,
				B439C56120C91E6D00D7C5C8 /* Fighter.swift in Sources */,
				B439C56520C923DB00D7C5C8 /* Mage.swift in Sources */,
				B40D7A4820FF50CA00C8ADCF /* Game.swift in Sources */,
				B4CEDFB72121E93B007DC14A /* Weapon.swift in Sources */,
				B4B2C1232125CD7700E5D2A0 /* Chest.swift in Sources */,
				B4B30D0221272B0600D3BD81 /* Staff.swift in Sources */,
				B4B30CFE21270E8400D3BD81 /* Axe.swift in Sources */,
			);
			runOnlyForDeploymentPostprocessing = 0;
		};
/* End PBXSourcesBuildPhase section */

/* Begin XCBuildConfiguration section */
		B40609EA20C81CE00063C4E5 /* Debug */ = {
			isa = XCBuildConfiguration;
			buildSettings = {
				ALWAYS_SEARCH_USER_PATHS = NO;
				CLANG_ANALYZER_NONNULL = YES;
				CLANG_ANALYZER_NUMBER_OBJECT_CONVERSION = YES_AGGRESSIVE;
				CLANG_CXX_LANGUAGE_STANDARD = "gnu++14";
				CLANG_CXX_LIBRARY = "libc++";
				CLANG_ENABLE_MODULES = YES;
				CLANG_ENABLE_OBJC_ARC = YES;
				CLANG_ENABLE_OBJC_WEAK = YES;
				CLANG_WARN_BLOCK_CAPTURE_AUTORELEASING = YES;
				CLANG_WARN_BOOL_CONVERSION = YES;
				CLANG_WARN_COMMA = YES;
				CLANG_WARN_CONSTANT_CONVERSION = YES;
				CLANG_WARN_DEPRECATED_OBJC_IMPLEMENTATIONS = YES;
				CLANG_WARN_DIRECT_OBJC_ISA_USAGE = YES_ERROR;
				CLANG_WARN_DOCUMENTATION_COMMENTS = YES;
				CLANG_WARN_EMPTY_BODY = YES;
				CLANG_WARN_ENUM_CONVERSION = YES;
				CLANG_WARN_INFINITE_RECURSION = YES;
				CLANG_WARN_INT_CONVERSION = YES;
				CLANG_WARN_NON_LITERAL_NULL_CONVERSION = YES;
				CLANG_WARN_OBJC_IMPLICIT_RETAIN_SELF = YES;
				CLANG_WARN_OBJC_LITERAL_CONVERSION = YES;
				CLANG_WARN_OBJC_ROOT_CLASS = YES_ERROR;
				CLANG_WARN_RANGE_LOOP_ANALYSIS = YES;
				CLANG_WARN_STRICT_PROTOTYPES = YES;
				CLANG_WARN_SUSPICIOUS_MOVE = YES;
				CLANG_WARN_UNGUARDED_AVAILABILITY = YES_AGGRESSIVE;
				CLANG_WARN_UNREACHABLE_CODE = YES;
				CLANG_WARN__DUPLICATE_METHOD_MATCH = YES;
				CODE_SIGN_IDENTITY = "-";
				COPY_PHASE_STRIP = NO;
				DEBUG_INFORMATION_FORMAT = dwarf;
				ENABLE_STRICT_OBJC_MSGSEND = YES;
				ENABLE_TESTABILITY = YES;
				GCC_C_LANGUAGE_STANDARD = gnu11;
				GCC_DYNAMIC_NO_PIC = NO;
				GCC_NO_COMMON_BLOCKS = YES;
				GCC_OPTIMIZATION_LEVEL = 0;
				GCC_PREPROCESSOR_DEFINITIONS = (
					"DEBUG=1",
					"$(inherited)",
				);
				GCC_WARN_64_TO_32_BIT_CONVERSION = YES;
				GCC_WARN_ABOUT_RETURN_TYPE = YES_ERROR;
				GCC_WARN_UNDECLARED_SELECTOR = YES;
				GCC_WARN_UNINITIALIZED_AUTOS = YES_AGGRESSIVE;
				GCC_WARN_UNUSED_FUNCTION = YES;
				GCC_WARN_UNUSED_VARIABLE = YES;
				MACOSX_DEPLOYMENT_TARGET = 10.13;
				MTL_ENABLE_DEBUG_INFO = YES;
				ONLY_ACTIVE_ARCH = YES;
				SDKROOT = macosx;
				SWIFT_ACTIVE_COMPILATION_CONDITIONS = DEBUG;
				SWIFT_OPTIMIZATION_LEVEL = "-Onone";
			};
			name = Debug;
		};
		B40609EB20C81CE00063C4E5 /* Release */ = {
			isa = XCBuildConfiguration;
			buildSettings = {
				ALWAYS_SEARCH_USER_PATHS = NO;
				CLANG_ANALYZER_NONNULL = YES;
				CLANG_ANALYZER_NUMBER_OBJECT_CONVERSION = YES_AGGRESSIVE;
				CLANG_CXX_LANGUAGE_STANDARD = "gnu++14";
				CLANG_CXX_LIBRARY = "libc++";
				CLANG_ENABLE_MODULES = YES;
				CLANG_ENABLE_OBJC_ARC = YES;
				CLANG_ENABLE_OBJC_WEAK = YES;
				CLANG_WARN_BLOCK_CAPTURE_AUTORELEASING = YES;
				CLANG_WARN_BOOL_CONVERSION = YES;
				CLANG_WARN_COMMA = YES;
				CLANG_WARN_CONSTANT_CONVERSION = YES;
				CLANG_WARN_DEPRECATED_OBJC_IMPLEMENTATIONS = YES;
				CLANG_WARN_DIRECT_OBJC_ISA_USAGE = YES_ERROR;
				CLANG_WARN_DOCUMENTATION_COMMENTS = YES;
				CLANG_WARN_EMPTY_BODY = YES;
				CLANG_WARN_ENUM_CONVERSION = YES;
				CLANG_WARN_INFINITE_RECURSION = YES;
				CLANG_WARN_INT_CONVERSION = YES;
				CLANG_WARN_NON_LITERAL_NULL_CONVERSION = YES;
				CLANG_WARN_OBJC_IMPLICIT_RETAIN_SELF = YES;
				CLANG_WARN_OBJC_LITERAL_CONVERSION = YES;
				CLANG_WARN_OBJC_ROOT_CLASS = YES_ERROR;
				CLANG_WARN_RANGE_LOOP_ANALYSIS = YES;
				CLANG_WARN_STRICT_PROTOTYPES = YES;
				CLANG_WARN_SUSPICIOUS_MOVE = YES;
				CLANG_WARN_UNGUARDED_AVAILABILITY = YES_AGGRESSIVE;
				CLANG_WARN_UNREACHABLE_CODE = YES;
				CLANG_WARN__DUPLICATE_METHOD_MATCH = YES;
				CODE_SIGN_IDENTITY = "-";
				COPY_PHASE_STRIP = NO;
				DEBUG_INFORMATION_FORMAT = "dwarf-with-dsym";
				ENABLE_NS_ASSERTIONS = NO;
				ENABLE_STRICT_OBJC_MSGSEND = YES;
				GCC_C_LANGUAGE_STANDARD = gnu11;
				GCC_NO_COMMON_BLOCKS = YES;
				GCC_WARN_64_TO_32_BIT_CONVERSION = YES;
				GCC_WARN_ABOUT_RETURN_TYPE = YES_ERROR;
				GCC_WARN_UNDECLARED_SELECTOR = YES;
				GCC_WARN_UNINITIALIZED_AUTOS = YES_AGGRESSIVE;
				GCC_WARN_UNUSED_FUNCTION = YES;
				GCC_WARN_UNUSED_VARIABLE = YES;
				MACOSX_DEPLOYMENT_TARGET = 10.13;
				MTL_ENABLE_DEBUG_INFO = NO;
				SDKROOT = macosx;
				SWIFT_COMPILATION_MODE = wholemodule;
				SWIFT_OPTIMIZATION_LEVEL = "-O";
			};
			name = Release;
		};
		B40609ED20C81CE00063C4E5 /* Debug */ = {
			isa = XCBuildConfiguration;
			buildSettings = {
				CODE_SIGN_STYLE = Automatic;
				PRODUCT_NAME = "$(TARGET_NAME)";
				SWIFT_VERSION = 4.0;
			};
			name = Debug;
		};
		B40609EE20C81CE00063C4E5 /* Release */ = {
			isa = XCBuildConfiguration;
			buildSettings = {
				CODE_SIGN_STYLE = Automatic;
				PRODUCT_NAME = "$(TARGET_NAME)";
				SWIFT_VERSION = 4.0;
			};
			name = Release;
		};
/* End XCBuildConfiguration section */

/* Begin XCConfigurationList section */
		B40609E020C81CE00063C4E5 /* Build configuration list for PBXProject "Premier jeux" */ = {
			isa = XCConfigurationList;
			buildConfigurations = (
				B40609EA20C81CE00063C4E5 /* Debug */,
				B40609EB20C81CE00063C4E5 /* Release */,
			);
			defaultConfigurationIsVisible = 0;
			defaultConfigurationName = Release;
		};
		B40609EC20C81CE00063C4E5 /* Build configuration list for PBXNativeTarget "Premier jeux" */ = {
			isa = XCConfigurationList;
			buildConfigurations = (
				B40609ED20C81CE00063C4E5 /* Debug */,
				B40609EE20C81CE00063C4E5 /* Release */,
			);
			defaultConfigurationIsVisible = 0;
			defaultConfigurationName = Release;
		};
/* End XCConfigurationList section */
	};
	rootObject = B40609DD20C81CE00063C4E5 /* Project object */;
}
